{
  "name": "@dylibso/xtp-test",
  "version": "0.0.1",
  "lockfileVersion": 3,
  "requires": true,
  "packages": {
    "": {
      "name": "@dylibso/xtp-test",
      "version": "0.0.1",
      "license": "BSD-3-Clause",
      "dependencies": {
        "@extism/js-pdk": "^1.0.1",
        "typescript": "^5.4.3"
      }
    },
    "node_modules/@extism/js-pdk": {
      "version": "1.0.1",
      "resolved": "https://registry.npmjs.org/@extism/js-pdk/-/js-pdk-1.0.1.tgz",
      "integrity": "sha512-YJWfHGeOuJnQw4V8NPNHvbSr6S8iDd2Ga6VEukwlRP7tu62ozTxIgokYw8i+rajD/16zz/gK0KYARBpm2qPAmQ=="
    },
    "node_modules/typescript": {
      "version": "5.4.3",
      "resolved": "https://registry.npmjs.org/typescript/-/typescript-5.4.3.tgz",
      "integrity": "sha512-KrPd3PKaCLr78MalgiwJnA25Nm8HAmdwN3mYUYZgG/wizIo9EainNVQI9/yDavtVFRN2h3k8uf3GLHuhDMgEHg==",
      "bin": {
        "tsc": "bin/tsc",
        "tsserver": "bin/tsserver"
      },
      "engines": {
        "node": ">=14.17"
      }
    }
  }
}
